
Microsoft Visual Studio Solution File, Format Version 12.00
# Visual Studio 15
VisualStudioVersion = 15.0.28010.2050
MinimumVisualStudioVersion = 10.0.40219.1
Project("{8BC9CEB8-8B4A-11D0-8D11-00A0C91BC942}") = "Detection2D", "Detection2D\Detection2D.vcxproj", "{4B803BD0-2F72-4418-8971-F85F9565A2FE}"
EndProject
Project("{8BC9CEB8-8B4A-11D0-8D11-00A0C91BC942}") = "opencv_xfeatures2d", "lib\opencv320_lite\contrib\xfeatures2d\opencv_xfeatures2d.vcxproj", "{23803BA3-C253-4767-BB09-4642527863EF}"
EndProject
Global
	GlobalSection(SolutionConfigurationPlatforms) = preSolution
		Debug|x64 = Debug|x64
		Debug|x86 = Debug|x86
		Release|x64 = Release|x64
		Release|x86 = Release|x86
	EndGlobalSection
	GlobalSection(ProjectConfigurationPlatforms) = postSolution
		{4B803BD0-2F72-4418-8971-F85F9565A2FE}.Debug|x64.ActiveCfg = Debug|x64
		{4B803BD0-2F72-4418-8971-F85F9565A2FE}.Debug|x64.Build.0 = Debug|x64
		{4B803BD0-2F72-4418-8971-F85F9565A2FE}.Debug|x86.ActiveCfg = Debug|x64
		{4B803BD0-2F72-4418-8971-F85F9565A2FE}.Release|x64.ActiveCfg = Release|x64
		{4B803BD0-2F72-4418-8971-F85F9565A2FE}.Release|x64.Build.0 = Release|x64
		{4B803BD0-2F72-4418-8971-F85F9565A2FE}.Release|x86.ActiveCfg = Release|x64
		{23803BA3-C253-4767-BB09-4642527863EF}.Debug|x64.ActiveCfg = Debug|x64
		{23803BA3-C253-4767-BB09-4642527863EF}.Debug|x64.Build.0 = Debug|x64
		{23803BA3-C253-4767-BB09-4642527863EF}.Debug|x86.ActiveCfg = Debug|Win32
		{23803BA3-C253-4767-BB09-4642527863EF}.Debug|x86.Build.0 = Debug|Win32
		{23803BA3-C253-4767-BB09-4642527863EF}.Release|x64.ActiveCfg = Release|x64
		{23803BA3-C253-4767-BB09-4642527863EF}.Release|x64.Build.0 = Release|x64
		{23803BA3-C253-4767-BB09-4642527863EF}.Release|x86.ActiveCfg = Release|Win32
		{23803BA3-C253-4767-BB09-4642527863EF}.Release|x86.Build.0 = Release|Win32
	EndGlobalSection
	GlobalSection(SolutionProperties) = preSolution
		HideSolutionNode = FALSE
	EndGlobalSection
	GlobalSection(ExtensibilityGlobals) = postSolution
		SolutionGuid = {C0BEB6F8-DAA3-4F0F-BAEF-F52AA8C2AC06}
	EndGlobalSection
EndGlobal
